
Microsoft Visual Studio Solution File, Format Version 12.00
# Visual Studio 15
VisualStudioVersion = 15.0.27130.2003
MinimumVisualStudioVersion = 10.0.40219.1
Project("{FAE04EC0-301F-11D3-BF4B-00C04F79EFBC}") = "ByteBank.SistemaAgencia", "ByteBank.SistemaAgencia\ByteBank.SistemaAgencia.csproj", "{7250E246-9747-445B-983E-9D0C6C1FFE15}"
EndProject
Project("{FAE04EC0-301F-11D3-BF4B-00C04F79EFBC}") = "ByteBank.Modelos", "ByteBank.Modelos\ByteBank.Modelos.csproj", "{AF6B2A99-D1C2-498F-9103-9ED2890E2222}"
EndProject
Global
	GlobalSection(SolutionConfigurationPlatforms) = preSolution
		Debug|Any CPU = Debug|Any CPU
		Release|Any CPU = Release|Any CPU
	EndGlobalSection
	GlobalSection(ProjectConfigurationPlatforms) = postSolution
		{7250E246-9747-445B-983E-9D0C6C1FFE15}.Debug|Any CPU.ActiveCfg = Debug|Any CPU
		{7250E246-9747-445B-983E-9D0C6C1FFE15}.Debug|Any CPU.Build.0 = Debug|Any CPU
		{7250E246-9747-445B-983E-9D0C6C1FFE15}.Release|Any CPU.ActiveCfg = Release|Any CPU
		{7250E246-9747-445B-983E-9D0C6C1FFE15}.Release|Any CPU.Build.0 = Release|Any CPU
		{AF6B2A99-D1C2-498F-9103-9ED2890E2222}.Debug|Any CPU.ActiveCfg = Debug|Any CPU
		{AF6B2A99-D1C2-498F-9103-9ED2890E2222}.Debug|Any CPU.Build.0 = Debug|Any CPU
		{AF6B2A99-D1C2-498F-9103-9ED2890E2222}.Release|Any CPU.ActiveCfg = Release|Any CPU
		{AF6B2A99-D1C2-498F-9103-9ED2890E2222}.Release|Any CPU.Build.0 = Release|Any CPU
	EndGlobalSection
	GlobalSection(SolutionProperties) = preSolution
		HideSolutionNode = FALSE
	EndGlobalSection
	GlobalSection(ExtensibilityGlobals) = postSolution
		SolutionGuid = {F624202F-D10E-48A4-B916-A7AB91332415}
	EndGlobalSection
EndGlobal
