
Microsoft Visual Studio Solution File, Format Version 12.00
# Visual Studio 15
VisualStudioVersion = 15.0.27130.2020
MinimumVisualStudioVersion = 10.0.40219.1
Project("{FAE04EC0-301F-11D3-BF4B-00C04F79EFBC}") = "ByteBank", "ByteBank\ByteBank.csproj", "{4CC17E93-F238-4613-B73F-A85D3D874AE3}"
EndProject
Global
	GlobalSection(SolutionConfigurationPlatforms) = preSolution
		Debug|Any CPU = Debug|Any CPU
		Release|Any CPU = Release|Any CPU
	EndGlobalSection
	GlobalSection(ProjectConfigurationPlatforms) = postSolution
		{4CC17E93-F238-4613-B73F-A85D3D874AE3}.Debug|Any CPU.ActiveCfg = Debug|Any CPU
		{4CC17E93-F238-4613-B73F-A85D3D874AE3}.Debug|Any CPU.Build.0 = Debug|Any CPU
		{4CC17E93-F238-4613-B73F-A85D3D874AE3}.Release|Any CPU.ActiveCfg = Release|Any CPU
		{4CC17E93-F238-4613-B73F-A85D3D874AE3}.Release|Any CPU.Build.0 = Release|Any CPU
	EndGlobalSection
	GlobalSection(SolutionProperties) = preSolution
		HideSolutionNode = FALSE
	EndGlobalSection
	GlobalSection(ExtensibilityGlobals) = postSolution
		SolutionGuid = {E5EFFDF5-FB19-4BD5-A2F0-000231E28906}
	EndGlobalSection
EndGlobal
